
Microsoft Visual Studio Solution File, Format Version 12.00
# Visual Studio 15
Project("{FAE04EC0-301F-11D3-BF4B-00C04F79EFBC}") = "docker-net", "docker-net.csproj", "{BA3CC2E2-8D14-4FAF-AAD1-0A448A869FDC}"
EndProject
Global
	GlobalSection(SolutionConfigurationPlatforms) = preSolution
		Debug|Any CPU = Debug|Any CPU
		Release|Any CPU = Release|Any CPU
	EndGlobalSection
	GlobalSection(ProjectConfigurationPlatforms) = postSolution
		{BA3CC2E2-8D14-4FAF-AAD1-0A448A869FDC}.Debug|Any CPU.ActiveCfg = Debug|Any CPU
		{BA3CC2E2-8D14-4FAF-AAD1-0A448A869FDC}.Debug|Any CPU.Build.0 = Debug|Any CPU
		{BA3CC2E2-8D14-4FAF-AAD1-0A448A869FDC}.Release|Any CPU.ActiveCfg = Release|Any CPU
		{BA3CC2E2-8D14-4FAF-AAD1-0A448A869FDC}.Release|Any CPU.Build.0 = Release|Any CPU
	EndGlobalSection
EndGlobal
